
Microsoft Visual Studio Solution File, Format Version 12.00
# Visual Studio 15
VisualStudioVersion = 15.0.27130.2010
MinimumVisualStudioVersion = 10.0.40219.1
Project("{FAE04EC0-301F-11D3-BF4B-00C04F79EFBC}") = "FaceTest", "FaceTest\FaceTest.csproj", "{B1E567DC-EBF4-4287-A03C-5D4FBE9701AA}"
EndProject
Global
	GlobalSection(SolutionConfigurationPlatforms) = preSolution
		Debug|Any CPU = Debug|Any CPU
		Release|Any CPU = Release|Any CPU
	EndGlobalSection
	GlobalSection(ProjectConfigurationPlatforms) = postSolution
		{B1E567DC-EBF4-4287-A03C-5D4FBE9701AA}.Debug|Any CPU.ActiveCfg = Debug|Any CPU
		{B1E567DC-EBF4-4287-A03C-5D4FBE9701AA}.Debug|Any CPU.Build.0 = Debug|Any CPU
		{B1E567DC-EBF4-4287-A03C-5D4FBE9701AA}.Release|Any CPU.ActiveCfg = Release|Any CPU
		{B1E567DC-EBF4-4287-A03C-5D4FBE9701AA}.Release|Any CPU.Build.0 = Release|Any CPU
	EndGlobalSection
	GlobalSection(SolutionProperties) = preSolution
		HideSolutionNode = FALSE
	EndGlobalSection
	GlobalSection(ExtensibilityGlobals) = postSolution
		SolutionGuid = {DD4AB0B1-2581-46C1-9A95-7C08652DA35A}
	EndGlobalSection
EndGlobal
